Microsoft Visual Studio Solution File, Format Version 12.00
# Visual Studio Version 17
VisualStudioVersion = 17.8.34511.84
MinimumVisualStudioVersion = 10.0.40219.1
Project("{8BC9CEB8-8B4A-11D0-8D11-00A0C91BC942}") = "sdk", "sdk.vcxproj", "{B3E797CF-4E77-4C9D-B8A8-7589B6902206}"
EndProject
Global
	GlobalSection(SolutionConfigurationPlatforms) = preSolution
		Debug - Alien Swarm|Win32 = Debug - Alien Swarm|Win32
		Debug - Alien Swarm|x64 = Debug - Alien Swarm|x64
		Debug - CSGO|Win32 = Debug - CSGO|Win32
		Debug - CSGO|x64 = Debug - CSGO|x64
		Debug - CSS|Win32 = Debug - CSS|Win32
		Debug - CSS|x64 = Debug - CSS|x64
		Debug - Dark Messiah|Win32 = Debug - Dark Messiah|Win32
		Debug - Dark Messiah|x64 = Debug - Dark Messiah|x64
		Debug - Episode 1|Win32 = Debug - Episode 1|Win32
		Debug - Episode 1|x64 = Debug - Episode 1|x64
		Debug - Left 4 Dead 2|Win32 = Debug - Left 4 Dead 2|Win32
		Debug - Left 4 Dead 2|x64 = Debug - Left 4 Dead 2|x64
		Debug - Left 4 Dead|Win32 = Debug - Left 4 Dead|Win32
		Debug - Left 4 Dead|x64 = Debug - Left 4 Dead|x64
		Debug - Old Metamod|Win32 = Debug - Old Metamod|Win32
		Debug - Old Metamod|x64 = Debug - Old Metamod|x64
		Debug - Orange Box Valve|Win32 = Debug - Orange Box Valve|Win32
		Debug - Orange Box Valve|x64 = Debug - Orange Box Valve|x64
		Debug - Orange Box|Win32 = Debug - Orange Box|Win32
		Debug - Orange Box|x64 = Debug - Orange Box|x64
		Debug - TF2|Win32 = Debug - TF2|Win32
		Debug - TF2|x64 = Debug - TF2|x64
		Debug|Win32 = Debug|Win32
		Debug|x64 = Debug|x64
		Release - Alien Swarm|Win32 = Release - Alien Swarm|Win32
		Release - Alien Swarm|x64 = Release - Alien Swarm|x64
		Release - CSGO|Win32 = Release - CSGO|Win32
		Release - CSGO|x64 = Release - CSGO|x64
		Release - CSS|Win32 = Release - CSS|Win32
		Release - CSS|x64 = Release - CSS|x64
		Release - Dark Messiah|Win32 = Release - Dark Messiah|Win32
		Release - Dark Messiah|x64 = Release - Dark Messiah|x64
		Release - Episode 1|Win32 = Release - Episode 1|Win32
		Release - Episode 1|x64 = Release - Episode 1|x64
		Release - Left 4 Dead 2|Win32 = Release - Left 4 Dead 2|Win32
		Release - Left 4 Dead 2|x64 = Release - Left 4 Dead 2|x64
		Release - Left 4 Dead|Win32 = Release - Left 4 Dead|Win32
		Release - Left 4 Dead|x64 = Release - Left 4 Dead|x64
		Release - Old Metamod|Win32 = Release - Old Metamod|Win32
		Release - Old Metamod|x64 = Release - Old Metamod|x64
		Release - Orange Box Valve|Win32 = Release - Orange Box Valve|Win32
		Release - Orange Box Valve|x64 = Release - Orange Box Valve|x64
		Release - Orange Box|Win32 = Release - Orange Box|Win32
		Release - Orange Box|x64 = Release - Orange Box|x64
		Release - TF2|Win32 = Release - TF2|Win32
		Release - TF2|x64 = Release - TF2|x64
		Release|Win32 = Release|Win32
		Release|x64 = Release|x64
	EndGlobalSection
	GlobalSection(ProjectConfigurationPlatforms) = postSolution
		{B3E797CF-4E77-4C9D-B8A8-7589B6902206}.Debug - Alien Swarm|Win32.ActiveCfg = Debug - Alien Swarm|Win32
		{B3E797CF-4E77-4C9D-B8A8-7589B6902206}.Debug - Alien Swarm|Win32.Build.0 = Debug - Alien Swarm|Win32
		{B3E797CF-4E77-4C9D-B8A8-7589B6902206}.Debug - Alien Swarm|x64.ActiveCfg = Release - EYE|x64
		{B3E797CF-4E77-4C9D-B8A8-7589B6902206}.Debug - Alien Swarm|x64.Build.0 = Release - EYE|x64
		{B3E797CF-4E77-4C9D-B8A8-7589B6902206}.Debug - CSGO|Win32.ActiveCfg = Debug - CSGO|Win32
		{B3E797CF-4E77-4C9D-B8A8-7589B6902206}.Debug - CSGO|Win32.Build.0 = Debug - CSGO|Win32
		{B3E797CF-4E77-4C9D-B8A8-7589B6902206}.Debug - CSGO|x64.ActiveCfg = Debug - CSGO|x64
		{B3E797CF-4E77-4C9D-B8A8-7589B6902206}.Debug - CSGO|x64.Build.0 = Debug - CSGO|x64
		{B3E797CF-4E77-4C9D-B8A8-7589B6902206}.Debug - CSS|Win32.ActiveCfg = Debug - CSS|Win32
		{B3E797CF-4E77-4C9D-B8A8-7589B6902206}.Debug - CSS|Win32.Build.0 = Debug - CSS|Win32
		{B3E797CF-4E77-4C9D-B8A8-7589B6902206}.Debug - CSS|x64.ActiveCfg = Debug - CSS|x64
		{B3E797CF-4E77-4C9D-B8A8-7589B6902206}.Debug - CSS|x64.Build.0 = Debug - CSS|x64
		{B3E797CF-4E77-4C9D-B8A8-7589B6902206}.Debug - Dark Messiah|Win32.ActiveCfg = Debug - Dark Messiah|Win32
		{B3E797CF-4E77-4C9D-B8A8-7589B6902206}.Debug - Dark Messiah|Win32.Build.0 = Debug - Dark Messiah|Win32
		{B3E797CF-4E77-4C9D-B8A8-7589B6902206}.Debug - Dark Messiah|x64.ActiveCfg = Debug - Dark Messiah|x64
		{B3E797CF-4E77-4C9D-B8A8-7589B6902206}.Debug - Dark Messiah|x64.Build.0 = Debug - Dark Messiah|x64
		{B3E797CF-4E77-4C9D-B8A8-7589B6902206}.Debug - Episode 1|Win32.ActiveCfg = Debug - Episode 1|Win32
		{B3E797CF-4E77-4C9D-B8A8-7589B6902206}.Debug - Episode 1|Win32.Build.0 = Debug - Episode 1|Win32
		{B3E797CF-4E77-4C9D-B8A8-7589B6902206}.Debug - Episode 1|x64.ActiveCfg = Debug - Episode 1|x64
		{B3E797CF-4E77-4C9D-B8A8-7589B6902206}.Debug - Episode 1|x64.Build.0 = Debug - Episode 1|x64
		{B3E797CF-4E77-4C9D-B8A8-7589B6902206}.Debug - Left 4 Dead 2|Win32.ActiveCfg = Debug - Left 4 Dead 2|Win32
		{B3E797CF-4E77-4C9D-B8A8-7589B6902206}.Debug - Left 4 Dead 2|Win32.Build.0 = Debug - Left 4 Dead 2|Win32
		{B3E797CF-4E77-4C9D-B8A8-7589B6902206}.Debug - Left 4 Dead 2|x64.ActiveCfg = Debug - Left 4 Dead 2|x64
		{B3E797CF-4E77-4C9D-B8A8-7589B6902206}.Debug - Left 4 Dead 2|x64.Build.0 = Debug - Left 4 Dead 2|x64
		{B3E797CF-4E77-4C9D-B8A8-7589B6902206}.Debug - Left 4 Dead|Win32.ActiveCfg = Debug - Left 4 Dead|Win32
		{B3E797CF-4E77-4C9D-B8A8-7589B6902206}.Debug - Left 4 Dead|Win32.Build.0 = Debug - Left 4 Dead|Win32
		{B3E797CF-4E77-4C9D-B8A8-7589B6902206}.Debug - Left 4 Dead|x64.ActiveCfg = Debug - Left 4 Dead|x64
		{B3E797CF-4E77-4C9D-B8A8-7589B6902206}.Debug - Left 4 Dead|x64.Build.0 = Debug - Left 4 Dead|x64
		{B3E797CF-4E77-4C9D-B8A8-7589B6902206}.Debug - Old Metamod|Win32.ActiveCfg = Debug - Old Metamod|Win32
		{B3E797CF-4E77-4C9D-B8A8-7589B6902206}.Debug - Old Metamod|Win32.Build.0 = Debug - Old Metamod|Win32
		{B3E797CF-4E77-4C9D-B8A8-7589B6902206}.Debug - Old Metamod|x64.ActiveCfg = Debug - Old Metamod|x64
		{B3E797CF-4E77-4C9D-B8A8-7589B6902206}.Debug - Old Metamod|x64.Build.0 = Debug - Old Metamod|x64
		{B3E797CF-4E77-4C9D-B8A8-7589B6902206}.Debug - Orange Box Valve|Win32.ActiveCfg = Debug - Orange Box Valve|Win32
		{B3E797CF-4E77-4C9D-B8A8-7589B6902206}.Debug - Orange Box Valve|Win32.Build.0 = Debug - Orange Box Valve|Win32
		{B3E797CF-4E77-4C9D-B8A8-7589B6902206}.Debug - Orange Box Valve|x64.ActiveCfg = Debug - Orange Box Valve|x64
		{B3E797CF-4E77-4C9D-B8A8-7589B6902206}.Debug - Orange Box Valve|x64.Build.0 = Debug - Orange Box Valve|x64
		{B3E797CF-4E77-4C9D-B8A8-7589B6902206}.Debug - Orange Box|Win32.ActiveCfg = Debug - Orange Box|Win32
		{B3E797CF-4E77-4C9D-B8A8-7589B6902206}.Debug - Orange Box|Win32.Build.0 = Debug - Orange Box|Win32
		{B3E797CF-4E77-4C9D-B8A8-7589B6902206}.Debug - Orange Box|x64.ActiveCfg = Debug - Orange Box|x64
		{B3E797CF-4E77-4C9D-B8A8-7589B6902206}.Debug - Orange Box|x64.Build.0 = Debug - Orange Box|x64
		{B3E797CF-4E77-4C9D-B8A8-7589B6902206}.Debug - TF2|Win32.ActiveCfg = Debug - TF2|Win32
		{B3E797CF-4E77-4C9D-B8A8-7589B6902206}.Debug - TF2|Win32.Build.0 = Debug - TF2|Win32
		{B3E797CF-4E77-4C9D-B8A8-7589B6902206}.Debug - TF2|x64.ActiveCfg = Debug - TF2|x64
		{B3E797CF-4E77-4C9D-B8A8-7589B6902206}.Debug - TF2|x64.Build.0 = Debug - TF2|x64
		{B3E797CF-4E77-4C9D-B8A8-7589B6902206}.Debug|Win32.ActiveCfg = Debug|Win32
		{B3E797CF-4E77-4C9D-B8A8-7589B6902206}.Debug|Win32.Build.0 = Debug|Win32
		{B3E797CF-4E77-4C9D-B8A8-7589B6902206}.Debug|x64.ActiveCfg = Debug|x64
		{B3E797CF-4E77-4C9D-B8A8-7589B6902206}.Debug|x64.Build.0 = Debug|x64
		{B3E797CF-4E77-4C9D-B8A8-7589B6902206}.Release - Alien Swarm|Win32.ActiveCfg = Release - Alien Swarm|Win32
		{B3E797CF-4E77-4C9D-B8A8-7589B6902206}.Release - Alien Swarm|Win32.Build.0 = Release - Alien Swarm|Win32
		{B3E797CF-4E77-4C9D-B8A8-7589B6902206}.Release - Alien Swarm|x64.ActiveCfg = Release - Alien Swarm|x64
		{B3E797CF-4E77-4C9D-B8A8-7589B6902206}.Release - Alien Swarm|x64.Build.0 = Release - Alien Swarm|x64
		{B3E797CF-4E77-4C9D-B8A8-7589B6902206}.Release - CSGO|Win32.ActiveCfg = Release - CSGO|Win32
		{B3E797CF-4E77-4C9D-B8A8-7589B6902206}.Release - CSGO|Win32.Build.0 = Release - CSGO|Win32
		{B3E797CF-4E77-4C9D-B8A8-7589B6902206}.Release - CSGO|x64.ActiveCfg = Release - CSGO|x64
		{B3E797CF-4E77-4C9D-B8A8-7589B6902206}.Release - CSGO|x64.Build.0 = Release - CSGO|x64
		{B3E797CF-4E77-4C9D-B8A8-7589B6902206}.Release - CSS|Win32.ActiveCfg = Release - CSS|Win32
		{B3E797CF-4E77-4C9D-B8A8-7589B6902206}.Release - CSS|Win32.Build.0 = Release - CSS|Win32
		{B3E797CF-4E77-4C9D-B8A8-7589B6902206}.Release - CSS|x64.ActiveCfg = Release - CSS|x64
		{B3E797CF-4E77-4C9D-B8A8-7589B6902206}.Release - CSS|x64.Build.0 = Release - CSS|x64
		{B3E797CF-4E77-4C9D-B8A8-7589B6902206}.Release - Dark Messiah|Win32.ActiveCfg = Release - Dark Messiah|Win32
		{B3E797CF-4E77-4C9D-B8A8-7589B6902206}.Release - Dark Messiah|Win32.Build.0 = Release - Dark Messiah|Win32
		{B3E797CF-4E77-4C9D-B8A8-7589B6902206}.Release - Dark Messiah|x64.ActiveCfg = Release - Dark Messiah|x64
		{B3E797CF-4E77-4C9D-B8A8-7589B6902206}.Release - Dark Messiah|x64.Build.0 = Release - Dark Messiah|x64
		{B3E797CF-4E77-4C9D-B8A8-7589B6902206}.Release - Episode 1|Win32.ActiveCfg = Release - Episode 1|Win32
		{B3E797CF-4E77-4C9D-B8A8-7589B6902206}.Release - Episode 1|Win32.Build.0 = Release - Episode 1|Win32
		{B3E797CF-4E77-4C9D-B8A8-7589B6902206}.Release - Episode 1|x64.ActiveCfg = Release - Episode 1|x64
		{B3E797CF-4E77-4C9D-B8A8-7589B6902206}.Release - Episode 1|x64.Build.0 = Release - Episode 1|x64
		{B3E797CF-4E77-4C9D-B8A8-7589B6902206}.Release - Left 4 Dead 2|Win32.ActiveCfg = Release - Left 4 Dead 2|Win32
		{B3E797CF-4E77-4C9D-B8A8-7589B6902206}.Release - Left 4 Dead 2|Win32.Build.0 = Release - Left 4 Dead 2|Win32
		{B3E797CF-4E77-4C9D-B8A8-7589B6902206}.Release - Left 4 Dead 2|x64.ActiveCfg = Release - Left 4 Dead 2|x64
		{B3E797CF-4E77-4C9D-B8A8-7589B6902206}.Release - Left 4 Dead 2|x64.Build.0 = Release - Left 4 Dead 2|x64
		{B3E797CF-4E77-4C9D-B8A8-7589B6902206}.Release - Left 4 Dead|Win32.ActiveCfg = Release - Left 4 Dead|Win32
		{B3E797CF-4E77-4C9D-B8A8-7589B6902206}.Release - Left 4 Dead|Win32.Build.0 = Release - Left 4 Dead|Win32
		{B3E797CF-4E77-4C9D-B8A8-7589B6902206}.Release - Left 4 Dead|x64.ActiveCfg = Release - Left 4 Dead|x64
		{B3E797CF-4E77-4C9D-B8A8-7589B6902206}.Release - Left 4 Dead|x64.Build.0 = Release - Left 4 Dead|x64
		{B3E797CF-4E77-4C9D-B8A8-7589B6902206}.Release - Old Metamod|Win32.ActiveCfg = Release - Old Metamod|Win32
		{B3E797CF-4E77-4C9D-B8A8-7589B6902206}.Release - Old Metamod|Win32.Build.0 = Release - Old Metamod|Win32
		{B3E797CF-4E77-4C9D-B8A8-7589B6902206}.Release - Old Metamod|x64.ActiveCfg = Release - Old Metamod|x64
		{B3E797CF-4E77-4C9D-B8A8-7589B6902206}.Release - Old Metamod|x64.Build.0 = Release - Old Metamod|x64
		{B3E797CF-4E77-4C9D-B8A8-7589B6902206}.Release - Orange Box Valve|Win32.ActiveCfg = Release - Orange Box Valve|Win32
		{B3E797CF-4E77-4C9D-B8A8-7589B6902206}.Release - Orange Box Valve|Win32.Build.0 = Release - Orange Box Valve|Win32
		{B3E797CF-4E77-4C9D-B8A8-7589B6902206}.Release - Orange Box Valve|x64.ActiveCfg = Release - Orange Box Valve|x64
		{B3E797CF-4E77-4C9D-B8A8-7589B6902206}.Release - Orange Box Valve|x64.Build.0 = Release - Orange Box Valve|x64
		{B3E797CF-4E77-4C9D-B8A8-7589B6902206}.Release - Orange Box|Win32.ActiveCfg = Release - Orange Box|Win32
		{B3E797CF-4E77-4C9D-B8A8-7589B6902206}.Release - Orange Box|Win32.Build.0 = Release - Orange Box|Win32
		{B3E797CF-4E77-4C9D-B8A8-7589B6902206}.Release - Orange Box|x64.ActiveCfg = Release - Orange Box|x64
		{B3E797CF-4E77-4C9D-B8A8-7589B6902206}.Release - Orange Box|x64.Build.0 = Release - Orange Box|x64
		{B3E797CF-4E77-4C9D-B8A8-7589B6902206}.Release - TF2|Win32.ActiveCfg = Release - TF2|Win32
		{B3E797CF-4E77-4C9D-B8A8-7589B6902206}.Release - TF2|Win32.Build.0 = Release - TF2|Win32
		{B3E797CF-4E77-4C9D-B8A8-7589B6902206}.Release - TF2|x64.ActiveCfg = Release - TF2|x64
		{B3E797CF-4E77-4C9D-B8A8-7589B6902206}.Release - TF2|x64.Build.0 = Release - TF2|x64
		{B3E797CF-4E77-4C9D-B8A8-7589B6902206}.Release|Win32.ActiveCfg = Release|Win32
		{B3E797CF-4E77-4C9D-B8A8-7589B6902206}.Release|Win32.Build.0 = Release|Win32
		{B3E797CF-4E77-4C9D-B8A8-7589B6902206}.Release|x64.ActiveCfg = Release|x64
		{B3E797CF-4E77-4C9D-B8A8-7589B6902206}.Release|x64.Build.0 = Release|x64
	EndGlobalSection
	GlobalSection(SolutionProperties) = preSolution
		HideSolutionNode = FALSE
	EndGlobalSection
	GlobalSection(ExtensibilityGlobals) = postSolution
		SolutionGuid = {64F9D7BA-2EC8-4485-821B-26522A7DF59C}
	EndGlobalSection
EndGlobal
